
Microsoft Visual Studio Solution File, Format Version 12.00
# Visual Studio 14
VisualStudioVersion = 14.0.24720.0
MinimumVisualStudioVersion = 10.0.40219.1
Project("{FAE04EC0-301F-11D3-BF4B-00C04F79EFBC}") = "WebSite_Semana11_Lunes", "WebSite_Semana11_Lunes\WebSite_Semana11_Lunes.csproj", "{7FF3E6D4-9D1F-4A7E-811D-5D3FC2EDA531}"
	ProjectSection(ProjectDependencies) = postProject
		{BC75A25D-74CF-4F6D-96D5-73262D1F8297} = {BC75A25D-74CF-4F6D-96D5-73262D1F8297}
	EndProjectSection
EndProject
Project("{FAE04EC0-301F-11D3-BF4B-00C04F79EFBC}") = "ServiciosWCF", "ServiciosWCF\ServiciosWCF.csproj", "{BC75A25D-74CF-4F6D-96D5-73262D1F8297}"
EndProject
Global
	GlobalSection(SolutionConfigurationPlatforms) = preSolution
		Debug|Any CPU = Debug|Any CPU
		Release|Any CPU = Release|Any CPU
	EndGlobalSection
	GlobalSection(ProjectConfigurationPlatforms) = postSolution
		{7FF3E6D4-9D1F-4A7E-811D-5D3FC2EDA531}.Debug|Any CPU.ActiveCfg = Debug|Any CPU
		{7FF3E6D4-9D1F-4A7E-811D-5D3FC2EDA531}.Debug|Any CPU.Build.0 = Debug|Any CPU
		{7FF3E6D4-9D1F-4A7E-811D-5D3FC2EDA531}.Release|Any CPU.ActiveCfg = Release|Any CPU
		{7FF3E6D4-9D1F-4A7E-811D-5D3FC2EDA531}.Release|Any CPU.Build.0 = Release|Any CPU
		{BC75A25D-74CF-4F6D-96D5-73262D1F8297}.Debug|Any CPU.ActiveCfg = Debug|Any CPU
		{BC75A25D-74CF-4F6D-96D5-73262D1F8297}.Debug|Any CPU.Build.0 = Debug|Any CPU
		{BC75A25D-74CF-4F6D-96D5-73262D1F8297}.Release|Any CPU.ActiveCfg = Release|Any CPU
		{BC75A25D-74CF-4F6D-96D5-73262D1F8297}.Release|Any CPU.Build.0 = Release|Any CPU
	EndGlobalSection
	GlobalSection(SolutionProperties) = preSolution
		HideSolutionNode = FALSE
	EndGlobalSection
EndGlobal
